<?xml version="1.0" encoding="utf-8"?>
<Project ToolsVersion="4.0" xmlns="http://schemas.microsoft.com/developer/msbuild/2003">
  <ItemGroup>
    <Filter Include="소스 파일">
      <UniqueIdentifier>{4FC737F1-C7A5-4376-A066-2A32D752A2FF}</UniqueIdentifier>
      <Extensions>cpp;c;cc;cxx;def;odl;idl;hpj;bat;asm;asmx</Extensions>
    </Filter>
    <Filter Include="헤더 파일">
      <UniqueIdentifier>{93995380-89BD-4b04-88EB-625FBE52EBFB}</UniqueIdentifier>
      <Extensions>h;hh;hpp;hxx;hm;inl;inc;xsd</Extensions>
    </Filter>
    <Filter Include="리소스 파일">
      <UniqueIdentifier>{67DA6AB6-F800-4c08-8B7A-83BB121AAD01}</UniqueIdentifier>
      <Extensions>rc;ico;cur;bmp;dlg;rc2;rct;bin;rgs;gif;jpg;jpeg;jpe;resx;tiff;tif;png;wav;mfcribbon-ms</Extensions>
    </Filter>
  </ItemGroup>
  <ItemGroup>
    <ClCompile Include="DFS와 BFS.cpp">
      <Filter>소스 파일</Filter>
    </ClCompile>
    <ClCompile Include="미로 탐색.cpp">
      <Filter>소스 파일</Filter>
    </ClCompile>
    <ClCompile Include="바이러스.cpp">
      <Filter>소스 파일</Filter>
    </ClCompile>
    <ClCompile Include="단지번호붙이기.cpp">
      <Filter>소스 파일</Filter>
    </ClCompile>
    <ClCompile Include="촌수계산.cpp">
      <Filter>소스 파일</Filter>
    </ClCompile>
    <ClCompile Include="토마토.cpp">
      <Filter>소스 파일</Filter>
    </ClCompile>
    <ClCompile Include="숨박꼭질.cpp">
      <Filter>소스 파일</Filter>
    </ClCompile>
    <ClCompile Include="스타트링크.cpp">
      <Filter>소스 파일</Filter>
    </ClCompile>
    <ClCompile Include="안전영역.cpp">
      <Filter>소스 파일</Filter>
    </ClCompile>
    <ClCompile Include="빙산.cpp">
      <Filter>소스 파일</Filter>
    </ClCompile>
    <ClCompile Include="타겟 넘버.cpp">
      <Filter>소스 파일</Filter>
    </ClCompile>
    <ClCompile Include="네트워크.cpp">
      <Filter>소스 파일</Filter>
    </ClCompile>
    <ClCompile Include="게임 맵 최단거리.cpp">
      <Filter>소스 파일</Filter>
    </ClCompile>
    <ClCompile Include="단어 변환.cpp">
      <Filter>소스 파일</Filter>
    </ClCompile>
    <ClCompile Include="아이템 줍기.cpp">
      <Filter>소스 파일</Filter>
    </ClCompile>
    <ClCompile Include="여행경로.cpp">
      <Filter>소스 파일</Filter>
    </ClCompile>
    <ClCompile Include="퍼즐 조각 채우기.cpp">
      <Filter>소스 파일</Filter>
    </ClCompile>
    <ClCompile Include="최소직사각형.cpp">
      <Filter>소스 파일</Filter>
    </ClCompile>
    <ClCompile Include="모의고사.cpp">
      <Filter>소스 파일</Filter>
    </ClCompile>
    <ClCompile Include="소수 찾기.cpp">
      <Filter>소스 파일</Filter>
    </ClCompile>
    <ClCompile Include="피로도.cpp">
      <Filter>소스 파일</Filter>
    </ClCompile>
    <ClCompile Include="카펫.cpp">
      <Filter>소스 파일</Filter>
    </ClCompile>
    <ClCompile Include="전력망을 둘로 나누기.cpp">
      <Filter>소스 파일</Filter>
    </ClCompile>
    <ClCompile Include="모음사전.cpp">
      <Filter>소스 파일</Filter>
    </ClCompile>
    <ClCompile Include="K번째수.cpp">
      <Filter>소스 파일</Filter>
    </ClCompile>
    <ClCompile Include="가장 큰 수.cpp">
      <Filter>소스 파일</Filter>
    </ClCompile>
    <ClCompile Include="H-Index.cpp">
      <Filter>소스 파일</Filter>
    </ClCompile>
    <ClCompile Include="완주하지 못한 선수.cpp">
      <Filter>소스 파일</Filter>
    </ClCompile>
    <ClCompile Include="폰켓몬.cpp">
      <Filter>소스 파일</Filter>
    </ClCompile>
    <ClCompile Include="전화번호 목록.cpp">
      <Filter>소스 파일</Filter>
    </ClCompile>
    <ClCompile Include="위장.cpp">
      <Filter>소스 파일</Filter>
    </ClCompile>
    <ClCompile Include="베스트앨범.cpp">
      <Filter>소스 파일</Filter>
    </ClCompile>
    <ClCompile Include="같은 숫자는 싫어.cpp">
      <Filter>소스 파일</Filter>
    </ClCompile>
    <ClCompile Include="올바른 괄호.cpp">
      <Filter>소스 파일</Filter>
    </ClCompile>
    <ClCompile Include="기능개발.cpp">
      <Filter>소스 파일</Filter>
    </ClCompile>
    <ClCompile Include="프린터.cpp">
      <Filter>소스 파일</Filter>
    </ClCompile>
    <ClCompile Include="다리를 지나는 트럭.cpp">
      <Filter>소스 파일</Filter>
    </ClCompile>
    <ClCompile Include="주식가격.cpp">
      <Filter>소스 파일</Filter>
    </ClCompile>
    <ClCompile Include="더 맵게.cpp">
      <Filter>소스 파일</Filter>
    </ClCompile>
    <ClCompile Include="디스크 컨트롤러.cpp">
      <Filter>소스 파일</Filter>
    </ClCompile>
    <ClCompile Include="이중우선순위큐.cpp">
      <Filter>소스 파일</Filter>
    </ClCompile>
    <ClCompile Include="체육복.cpp">
      <Filter>소스 파일</Filter>
    </ClCompile>
    <ClCompile Include="조이스틱.cpp">
      <Filter>소스 파일</Filter>
    </ClCompile>
    <ClCompile Include="큰 수 만들기.cpp">
      <Filter>소스 파일</Filter>
    </ClCompile>
    <ClCompile Include="구명보트.cpp">
      <Filter>소스 파일</Filter>
    </ClCompile>
  </ItemGroup>
</Project>